
Microsoft Visual Studio Solution File, Format Version 12.00
# Visual Studio Version 16
VisualStudioVersion = 16.0.29926.136
MinimumVisualStudioVersion = 10.0.40219.1
Project("{FAE04EC0-301F-11D3-BF4B-00C04F79EFBC}") = "DiBusScanner", "DiBusScanner\DiBusScanner.csproj", "{A3D5FF13-EEBE-4FC8-AE1A-2849CFDE6A32}"
EndProject
Project("{FAE04EC0-301F-11D3-BF4B-00C04F79EFBC}") = "INIFileLibrary", "INIFileLibrary\INIFileLibrary.csproj", "{EE56258E-F141-405F-9A1B-5E26ACB3179B}"
EndProject
Project("{FAE04EC0-301F-11D3-BF4B-00C04F79EFBC}") = "TranslationLib", "TranslationLib\TranslationLib.csproj", "{363B3819-49D2-44BF-BDF4-1B62336B7C5C}"
EndProject
Global
	GlobalSection(SolutionConfigurationPlatforms) = preSolution
		Debug|Any CPU = Debug|Any CPU
		Release|Any CPU = Release|Any CPU
	EndGlobalSection
	GlobalSection(ProjectConfigurationPlatforms) = postSolution
		{A3D5FF13-EEBE-4FC8-AE1A-2849CFDE6A32}.Debug|Any CPU.ActiveCfg = Debug|Any CPU
		{A3D5FF13-EEBE-4FC8-AE1A-2849CFDE6A32}.Debug|Any CPU.Build.0 = Debug|Any CPU
		{A3D5FF13-EEBE-4FC8-AE1A-2849CFDE6A32}.Release|Any CPU.ActiveCfg = Release|Any CPU
		{A3D5FF13-EEBE-4FC8-AE1A-2849CFDE6A32}.Release|Any CPU.Build.0 = Release|Any CPU
		{EE56258E-F141-405F-9A1B-5E26ACB3179B}.Debug|Any CPU.ActiveCfg = Debug|Any CPU
		{EE56258E-F141-405F-9A1B-5E26ACB3179B}.Debug|Any CPU.Build.0 = Debug|Any CPU
		{EE56258E-F141-405F-9A1B-5E26ACB3179B}.Release|Any CPU.ActiveCfg = Release|Any CPU
		{EE56258E-F141-405F-9A1B-5E26ACB3179B}.Release|Any CPU.Build.0 = Release|Any CPU
		{363B3819-49D2-44BF-BDF4-1B62336B7C5C}.Debug|Any CPU.ActiveCfg = Debug|Any CPU
		{363B3819-49D2-44BF-BDF4-1B62336B7C5C}.Debug|Any CPU.Build.0 = Debug|Any CPU
		{363B3819-49D2-44BF-BDF4-1B62336B7C5C}.Release|Any CPU.ActiveCfg = Release|Any CPU
		{363B3819-49D2-44BF-BDF4-1B62336B7C5C}.Release|Any CPU.Build.0 = Release|Any CPU
	EndGlobalSection
	GlobalSection(SolutionProperties) = preSolution
		HideSolutionNode = FALSE
	EndGlobalSection
	GlobalSection(ExtensibilityGlobals) = postSolution
		SolutionGuid = {39760A78-66D2-4E20-B5BC-D19A83465872}
	EndGlobalSection
EndGlobal
